
Microsoft Visual Studio Solution File, Format Version 12.00
# Visual Studio Version 17
VisualStudioVersion = 17.13.35806.99 d17.13
MinimumVisualStudioVersion = 10.0.40219.1
Project("{8BC9CEB8-8B4A-11D0-8D11-00A0C91BC942}") = "Lab 1.0.7", "Lab 1.0.7\Lab 1.0.7.vcxproj", "{B686EC68-C946-4609-8356-C11081E18812}"
EndProject
Project("{8BC9CEB8-8B4A-11D0-8D11-00A0C91BC942}") = "Lab 1.0.8", "Lab 1.0.8\Lab 1.0.8.vcxproj", "{F94CA54C-EDD8-4FA8-B3B9-E2E7166769F0}"
EndProject
Project("{8BC9CEB8-8B4A-11D0-8D11-00A0C91BC942}") = "Lab 1.0.9", "Lab 1.0.9\Lab 1.0.9.vcxproj", "{7F8C2A7E-29C1-4AC7-8963-D9A39DE87343}"
EndProject
Project("{8BC9CEB8-8B4A-11D0-8D11-00A0C91BC942}") = "Lab 1.0.10", "Lab 1.0.10\Lab 1.0.10.vcxproj", "{303B69DD-CE9E-4776-BDAF-82C639071699}"
EndProject
Project("{8BC9CEB8-8B4A-11D0-8D11-00A0C91BC942}") = "Lab 1.2.12", "Lab 1.2.12\Lab 1.2.12.vcxproj", "{0986E185-0DD0-4A9A-AF99-9D2DCD6FD7D8}"
EndProject
Project("{8BC9CEB8-8B4A-11D0-8D11-00A0C91BC942}") = "Lab 1.2.13", "Lab 1.2.13\Lab 1.2.13.vcxproj", "{AE35D499-37BC-4250-B491-9D797C90AF45}"
EndProject
Project("{8BC9CEB8-8B4A-11D0-8D11-00A0C91BC942}") = "Lab 1.2.14", "Lab 1.2.14\Lab 1.2.14.vcxproj", "{9988BDD1-5948-46BF-865A-3D0443A43596}"
EndProject
Project("{8BC9CEB8-8B4A-11D0-8D11-00A0C91BC942}") = "Lab 1.2.15", "Lab 1.2.15\Lab 1.2.15.vcxproj", "{0786D30B-DE07-46A7-B7CF-CD8CECFBAF2A}"
EndProject
Project("{8BC9CEB8-8B4A-11D0-8D11-00A0C91BC942}") = "Lab 1.2.16", "Lab 1.2.16\Lab 1.2.16.vcxproj", "{75620C6D-34BA-46F8-A691-8EA248DE98DE}"
EndProject
Project("{8BC9CEB8-8B4A-11D0-8D11-00A0C91BC942}") = "Lab 1.2.17", "Lab 1.2.17\Lab 1.2.17.vcxproj", "{149A290B-1D50-4857-9583-616A4347F42B}"
EndProject
Project("{8BC9CEB8-8B4A-11D0-8D11-00A0C91BC942}") = "Lab 1.2.18", "Lab 1.2.18\Lab 1.2.18.vcxproj", "{74CDCABC-033B-4313-A4B5-C5E42E9BAB81}"
EndProject
Project("{8BC9CEB8-8B4A-11D0-8D11-00A0C91BC942}") = "Lab 1.2.19", "Lab 1.2.19\Lab 1.2.19.vcxproj", "{69DD17D4-F17E-4AB9-B9F9-BE781569CDB3}"
EndProject
Project("{8BC9CEB8-8B4A-11D0-8D11-00A0C91BC942}") = "Lab 1.2.20", "Lab 1.2.20\Lab 1.2.20.vcxproj", "{84812E4E-2FA0-467F-93B1-DE8411B76A64}"
EndProject
Project("{8BC9CEB8-8B4A-11D0-8D11-00A0C91BC942}") = "Lab 1.2.21", "Lab 1.2.21\Lab 1.2.21.vcxproj", "{68E1823C-CF34-4AC1-8244-275F5C912A4E}"
EndProject
Project("{8BC9CEB8-8B4A-11D0-8D11-00A0C91BC942}") = "Lab 1.2.22", "Lab 1.2.22\Lab 1.2.22.vcxproj", "{1CCA4653-E5A2-4DA3-B281-11E3E6DAC580}"
EndProject
Project("{8BC9CEB8-8B4A-11D0-8D11-00A0C91BC942}") = "Lab 1.2.23", "Lab 1.2.23\Lab 1.2.23.vcxproj", "{4140AC7C-0990-4967-AEEA-4AF18A2D8759}"
EndProject
Project("{8BC9CEB8-8B4A-11D0-8D11-00A0C91BC942}") = "Lab 1.2.24", "Lab 1.2.24\Lab 1.2.24.vcxproj", "{B6BFDEF9-71EA-4884-A11C-B3FB7EDB9EEF}"
EndProject
Project("{8BC9CEB8-8B4A-11D0-8D11-00A0C91BC942}") = "Lab 1.2.25", "Lab 1.2.25\Lab 1.2.25.vcxproj", "{9D1AA078-3923-4A07-82CF-30F1678E6C61}"
EndProject
Project("{8BC9CEB8-8B4A-11D0-8D11-00A0C91BC942}") = "Lab 1.2.26", "Lab 1.2.26\Lab 1.2.26.vcxproj", "{757C08B5-6E17-4527-B7A1-88200567592D}"
EndProject
Project("{8BC9CEB8-8B4A-11D0-8D11-00A0C91BC942}") = "Lab 1.2.27", "Lab 1.2.27\Lab 1.2.27.vcxproj", "{C48FAF48-75A0-446A-A386-739575B0C5B4}"
EndProject
Project("{8BC9CEB8-8B4A-11D0-8D11-00A0C91BC942}") = "Lab 1.2.28", "Lab 1.2.28\Lab 1.2.28.vcxproj", "{64C9C1F7-6B2B-4101-90DF-D8AF96FA03B0}"
EndProject
Project("{8BC9CEB8-8B4A-11D0-8D11-00A0C91BC942}") = "Lab 1.2.29", "Lab 1.2.29\Lab 1.2.29.vcxproj", "{F913254C-DC4D-49A3-8560-CE8794F0CECE}"
EndProject
Project("{8BC9CEB8-8B4A-11D0-8D11-00A0C91BC942}") = "Lab 1.2.30", "Lab 1.2.30\Lab 1.2.30.vcxproj", "{FE91DC99-330A-4797-9BEC-410805FE0FBB}"
EndProject
Project("{8BC9CEB8-8B4A-11D0-8D11-00A0C91BC942}") = "Lab 1.2.31", "Lab 1.2.31\Lab 1.2.31.vcxproj", "{4FBDC6AB-DF2C-4016-B944-CA3304503D7C}"
EndProject
Global
	GlobalSection(SolutionConfigurationPlatforms) = preSolution
		Debug|x64 = Debug|x64
		Debug|x86 = Debug|x86
		Release|x64 = Release|x64
		Release|x86 = Release|x86
	EndGlobalSection
	GlobalSection(ProjectConfigurationPlatforms) = postSolution
		{B686EC68-C946-4609-8356-C11081E18812}.Debug|x64.ActiveCfg = Debug|x64
		{B686EC68-C946-4609-8356-C11081E18812}.Debug|x64.Build.0 = Debug|x64
		{B686EC68-C946-4609-8356-C11081E18812}.Debug|x86.ActiveCfg = Debug|Win32
		{B686EC68-C946-4609-8356-C11081E18812}.Debug|x86.Build.0 = Debug|Win32
		{B686EC68-C946-4609-8356-C11081E18812}.Release|x64.ActiveCfg = Release|x64
		{B686EC68-C946-4609-8356-C11081E18812}.Release|x64.Build.0 = Release|x64
		{B686EC68-C946-4609-8356-C11081E18812}.Release|x86.ActiveCfg = Release|Win32
		{B686EC68-C946-4609-8356-C11081E18812}.Release|x86.Build.0 = Release|Win32
		{F94CA54C-EDD8-4FA8-B3B9-E2E7166769F0}.Debug|x64.ActiveCfg = Debug|x64
		{F94CA54C-EDD8-4FA8-B3B9-E2E7166769F0}.Debug|x64.Build.0 = Debug|x64
		{F94CA54C-EDD8-4FA8-B3B9-E2E7166769F0}.Debug|x86.ActiveCfg = Debug|Win32
		{F94CA54C-EDD8-4FA8-B3B9-E2E7166769F0}.Debug|x86.Build.0 = Debug|Win32
		{F94CA54C-EDD8-4FA8-B3B9-E2E7166769F0}.Release|x64.ActiveCfg = Release|x64
		{F94CA54C-EDD8-4FA8-B3B9-E2E7166769F0}.Release|x64.Build.0 = Release|x64
		{F94CA54C-EDD8-4FA8-B3B9-E2E7166769F0}.Release|x86.ActiveCfg = Release|Win32
		{F94CA54C-EDD8-4FA8-B3B9-E2E7166769F0}.Release|x86.Build.0 = Release|Win32
		{7F8C2A7E-29C1-4AC7-8963-D9A39DE87343}.Debug|x64.ActiveCfg = Debug|x64
		{7F8C2A7E-29C1-4AC7-8963-D9A39DE87343}.Debug|x64.Build.0 = Debug|x64
		{7F8C2A7E-29C1-4AC7-8963-D9A39DE87343}.Debug|x86.ActiveCfg = Debug|Win32
		{7F8C2A7E-29C1-4AC7-8963-D9A39DE87343}.Debug|x86.Build.0 = Debug|Win32
		{7F8C2A7E-29C1-4AC7-8963-D9A39DE87343}.Release|x64.ActiveCfg = Release|x64
		{7F8C2A7E-29C1-4AC7-8963-D9A39DE87343}.Release|x64.Build.0 = Release|x64
		{7F8C2A7E-29C1-4AC7-8963-D9A39DE87343}.Release|x86.ActiveCfg = Release|Win32
		{7F8C2A7E-29C1-4AC7-8963-D9A39DE87343}.Release|x86.Build.0 = Release|Win32
		{303B69DD-CE9E-4776-BDAF-82C639071699}.Debug|x64.ActiveCfg = Debug|x64
		{303B69DD-CE9E-4776-BDAF-82C639071699}.Debug|x64.Build.0 = Debug|x64
		{303B69DD-CE9E-4776-BDAF-82C639071699}.Debug|x86.ActiveCfg = Debug|Win32
		{303B69DD-CE9E-4776-BDAF-82C639071699}.Debug|x86.Build.0 = Debug|Win32
		{303B69DD-CE9E-4776-BDAF-82C639071699}.Release|x64.ActiveCfg = Release|x64
		{303B69DD-CE9E-4776-BDAF-82C639071699}.Release|x64.Build.0 = Release|x64
		{303B69DD-CE9E-4776-BDAF-82C639071699}.Release|x86.ActiveCfg = Release|Win32
		{303B69DD-CE9E-4776-BDAF-82C639071699}.Release|x86.Build.0 = Release|Win32
		{0986E185-0DD0-4A9A-AF99-9D2DCD6FD7D8}.Debug|x64.ActiveCfg = Debug|x64
		{0986E185-0DD0-4A9A-AF99-9D2DCD6FD7D8}.Debug|x64.Build.0 = Debug|x64
		{0986E185-0DD0-4A9A-AF99-9D2DCD6FD7D8}.Debug|x86.ActiveCfg = Debug|Win32
		{0986E185-0DD0-4A9A-AF99-9D2DCD6FD7D8}.Debug|x86.Build.0 = Debug|Win32
		{0986E185-0DD0-4A9A-AF99-9D2DCD6FD7D8}.Release|x64.ActiveCfg = Release|x64
		{0986E185-0DD0-4A9A-AF99-9D2DCD6FD7D8}.Release|x64.Build.0 = Release|x64
		{0986E185-0DD0-4A9A-AF99-9D2DCD6FD7D8}.Release|x86.ActiveCfg = Release|Win32
		{0986E185-0DD0-4A9A-AF99-9D2DCD6FD7D8}.Release|x86.Build.0 = Release|Win32
		{AE35D499-37BC-4250-B491-9D797C90AF45}.Debug|x64.ActiveCfg = Debug|x64
		{AE35D499-37BC-4250-B491-9D797C90AF45}.Debug|x64.Build.0 = Debug|x64
		{AE35D499-37BC-4250-B491-9D797C90AF45}.Debug|x86.ActiveCfg = Debug|Win32
		{AE35D499-37BC-4250-B491-9D797C90AF45}.Debug|x86.Build.0 = Debug|Win32
		{AE35D499-37BC-4250-B491-9D797C90AF45}.Release|x64.ActiveCfg = Release|x64
		{AE35D499-37BC-4250-B491-9D797C90AF45}.Release|x64.Build.0 = Release|x64
		{AE35D499-37BC-4250-B491-9D797C90AF45}.Release|x86.ActiveCfg = Release|Win32
		{AE35D499-37BC-4250-B491-9D797C90AF45}.Release|x86.Build.0 = Release|Win32
		{9988BDD1-5948-46BF-865A-3D0443A43596}.Debug|x64.ActiveCfg = Debug|x64
		{9988BDD1-5948-46BF-865A-3D0443A43596}.Debug|x64.Build.0 = Debug|x64
		{9988BDD1-5948-46BF-865A-3D0443A43596}.Debug|x86.ActiveCfg = Debug|Win32
		{9988BDD1-5948-46BF-865A-3D0443A43596}.Debug|x86.Build.0 = Debug|Win32
		{9988BDD1-5948-46BF-865A-3D0443A43596}.Release|x64.ActiveCfg = Release|x64
		{9988BDD1-5948-46BF-865A-3D0443A43596}.Release|x64.Build.0 = Release|x64
		{9988BDD1-5948-46BF-865A-3D0443A43596}.Release|x86.ActiveCfg = Release|Win32
		{9988BDD1-5948-46BF-865A-3D0443A43596}.Release|x86.Build.0 = Release|Win32
		{0786D30B-DE07-46A7-B7CF-CD8CECFBAF2A}.Debug|x64.ActiveCfg = Debug|x64
		{0786D30B-DE07-46A7-B7CF-CD8CECFBAF2A}.Debug|x64.Build.0 = Debug|x64
		{0786D30B-DE07-46A7-B7CF-CD8CECFBAF2A}.Debug|x86.ActiveCfg = Debug|Win32
		{0786D30B-DE07-46A7-B7CF-CD8CECFBAF2A}.Debug|x86.Build.0 = Debug|Win32
		{0786D30B-DE07-46A7-B7CF-CD8CECFBAF2A}.Release|x64.ActiveCfg = Release|x64
		{0786D30B-DE07-46A7-B7CF-CD8CECFBAF2A}.Release|x64.Build.0 = Release|x64
		{0786D30B-DE07-46A7-B7CF-CD8CECFBAF2A}.Release|x86.ActiveCfg = Release|Win32
		{0786D30B-DE07-46A7-B7CF-CD8CECFBAF2A}.Release|x86.Build.0 = Release|Win32
		{75620C6D-34BA-46F8-A691-8EA248DE98DE}.Debug|x64.ActiveCfg = Debug|x64
		{75620C6D-34BA-46F8-A691-8EA248DE98DE}.Debug|x64.Build.0 = Debug|x64
		{75620C6D-34BA-46F8-A691-8EA248DE98DE}.Debug|x86.ActiveCfg = Debug|Win32
		{75620C6D-34BA-46F8-A691-8EA248DE98DE}.Debug|x86.Build.0 = Debug|Win32
		{75620C6D-34BA-46F8-A691-8EA248DE98DE}.Release|x64.ActiveCfg = Release|x64
		{75620C6D-34BA-46F8-A691-8EA248DE98DE}.Release|x64.Build.0 = Release|x64
		{75620C6D-34BA-46F8-A691-8EA248DE98DE}.Release|x86.ActiveCfg = Release|Win32
		{75620C6D-34BA-46F8-A691-8EA248DE98DE}.Release|x86.Build.0 = Release|Win32
		{149A290B-1D50-4857-9583-616A4347F42B}.Debug|x64.ActiveCfg = Debug|x64
		{149A290B-1D50-4857-9583-616A4347F42B}.Debug|x64.Build.0 = Debug|x64
		{149A290B-1D50-4857-9583-616A4347F42B}.Debug|x86.ActiveCfg = Debug|Win32
		{149A290B-1D50-4857-9583-616A4347F42B}.Debug|x86.Build.0 = Debug|Win32
		{149A290B-1D50-4857-9583-616A4347F42B}.Release|x64.ActiveCfg = Release|x64
		{149A290B-1D50-4857-9583-616A4347F42B}.Release|x64.Build.0 = Release|x64
		{149A290B-1D50-4857-9583-616A4347F42B}.Release|x86.ActiveCfg = Release|Win32
		{149A290B-1D50-4857-9583-616A4347F42B}.Release|x86.Build.0 = Release|Win32
		{74CDCABC-033B-4313-A4B5-C5E42E9BAB81}.Debug|x64.ActiveCfg = Debug|x64
		{74CDCABC-033B-4313-A4B5-C5E42E9BAB81}.Debug|x64.Build.0 = Debug|x64
		{74CDCABC-033B-4313-A4B5-C5E42E9BAB81}.Debug|x86.ActiveCfg = Debug|Win32
		{74CDCABC-033B-4313-A4B5-C5E42E9BAB81}.Debug|x86.Build.0 = Debug|Win32
		{74CDCABC-033B-4313-A4B5-C5E42E9BAB81}.Release|x64.ActiveCfg = Release|x64
		{74CDCABC-033B-4313-A4B5-C5E42E9BAB81}.Release|x64.Build.0 = Release|x64
		{74CDCABC-033B-4313-A4B5-C5E42E9BAB81}.Release|x86.ActiveCfg = Release|Win32
		{74CDCABC-033B-4313-A4B5-C5E42E9BAB81}.Release|x86.Build.0 = Release|Win32
		{69DD17D4-F17E-4AB9-B9F9-BE781569CDB3}.Debug|x64.ActiveCfg = Debug|x64
		{69DD17D4-F17E-4AB9-B9F9-BE781569CDB3}.Debug|x64.Build.0 = Debug|x64
		{69DD17D4-F17E-4AB9-B9F9-BE781569CDB3}.Debug|x86.ActiveCfg = Debug|Win32
		{69DD17D4-F17E-4AB9-B9F9-BE781569CDB3}.Debug|x86.Build.0 = Debug|Win32
		{69DD17D4-F17E-4AB9-B9F9-BE781569CDB3}.Release|x64.ActiveCfg = Release|x64
		{69DD17D4-F17E-4AB9-B9F9-BE781569CDB3}.Release|x64.Build.0 = Release|x64
		{69DD17D4-F17E-4AB9-B9F9-BE781569CDB3}.Release|x86.ActiveCfg = Release|Win32
		{69DD17D4-F17E-4AB9-B9F9-BE781569CDB3}.Release|x86.Build.0 = Release|Win32
		{84812E4E-2FA0-467F-93B1-DE8411B76A64}.Debug|x64.ActiveCfg = Debug|x64
		{84812E4E-2FA0-467F-93B1-DE8411B76A64}.Debug|x64.Build.0 = Debug|x64
		{84812E4E-2FA0-467F-93B1-DE8411B76A64}.Debug|x86.ActiveCfg = Debug|Win32
		{84812E4E-2FA0-467F-93B1-DE8411B76A64}.Debug|x86.Build.0 = Debug|Win32
		{84812E4E-2FA0-467F-93B1-DE8411B76A64}.Release|x64.ActiveCfg = Release|x64
		{84812E4E-2FA0-467F-93B1-DE8411B76A64}.Release|x64.Build.0 = Release|x64
		{84812E4E-2FA0-467F-93B1-DE8411B76A64}.Release|x86.ActiveCfg = Release|Win32
		{84812E4E-2FA0-467F-93B1-DE8411B76A64}.Release|x86.Build.0 = Release|Win32
		{68E1823C-CF34-4AC1-8244-275F5C912A4E}.Debug|x64.ActiveCfg = Debug|x64
		{68E1823C-CF34-4AC1-8244-275F5C912A4E}.Debug|x64.Build.0 = Debug|x64
		{68E1823C-CF34-4AC1-8244-275F5C912A4E}.Debug|x86.ActiveCfg = Debug|Win32
		{68E1823C-CF34-4AC1-8244-275F5C912A4E}.Debug|x86.Build.0 = Debug|Win32
		{68E1823C-CF34-4AC1-8244-275F5C912A4E}.Release|x64.ActiveCfg = Release|x64
		{68E1823C-CF34-4AC1-8244-275F5C912A4E}.Release|x64.Build.0 = Release|x64
		{68E1823C-CF34-4AC1-8244-275F5C912A4E}.Release|x86.ActiveCfg = Release|Win32
		{68E1823C-CF34-4AC1-8244-275F5C912A4E}.Release|x86.Build.0 = Release|Win32
		{1CCA4653-E5A2-4DA3-B281-11E3E6DAC580}.Debug|x64.ActiveCfg = Debug|x64
		{1CCA4653-E5A2-4DA3-B281-11E3E6DAC580}.Debug|x64.Build.0 = Debug|x64
		{1CCA4653-E5A2-4DA3-B281-11E3E6DAC580}.Debug|x86.ActiveCfg = Debug|Win32
		{1CCA4653-E5A2-4DA3-B281-11E3E6DAC580}.Debug|x86.Build.0 = Debug|Win32
		{1CCA4653-E5A2-4DA3-B281-11E3E6DAC580}.Release|x64.ActiveCfg = Release|x64
		{1CCA4653-E5A2-4DA3-B281-11E3E6DAC580}.Release|x64.Build.0 = Release|x64
		{1CCA4653-E5A2-4DA3-B281-11E3E6DAC580}.Release|x86.ActiveCfg = Release|Win32
		{1CCA4653-E5A2-4DA3-B281-11E3E6DAC580}.Release|x86.Build.0 = Release|Win32
		{4140AC7C-0990-4967-AEEA-4AF18A2D8759}.Debug|x64.ActiveCfg = Debug|x64
		{4140AC7C-0990-4967-AEEA-4AF18A2D8759}.Debug|x64.Build.0 = Debug|x64
		{4140AC7C-0990-4967-AEEA-4AF18A2D8759}.Debug|x86.ActiveCfg = Debug|Win32
		{4140AC7C-0990-4967-AEEA-4AF18A2D8759}.Debug|x86.Build.0 = Debug|Win32
		{4140AC7C-0990-4967-AEEA-4AF18A2D8759}.Release|x64.ActiveCfg = Release|x64
		{4140AC7C-0990-4967-AEEA-4AF18A2D8759}.Release|x64.Build.0 = Release|x64
		{4140AC7C-0990-4967-AEEA-4AF18A2D8759}.Release|x86.ActiveCfg = Release|Win32
		{4140AC7C-0990-4967-AEEA-4AF18A2D8759}.Release|x86.Build.0 = Release|Win32
		{B6BFDEF9-71EA-4884-A11C-B3FB7EDB9EEF}.Debug|x64.ActiveCfg = Debug|x64
		{B6BFDEF9-71EA-4884-A11C-B3FB7EDB9EEF}.Debug|x64.Build.0 = Debug|x64
		{B6BFDEF9-71EA-4884-A11C-B3FB7EDB9EEF}.Debug|x86.ActiveCfg = Debug|Win32
		{B6BFDEF9-71EA-4884-A11C-B3FB7EDB9EEF}.Debug|x86.Build.0 = Debug|Win32
		{B6BFDEF9-71EA-4884-A11C-B3FB7EDB9EEF}.Release|x64.ActiveCfg = Release|x64
		{B6BFDEF9-71EA-4884-A11C-B3FB7EDB9EEF}.Release|x64.Build.0 = Release|x64
		{B6BFDEF9-71EA-4884-A11C-B3FB7EDB9EEF}.Release|x86.ActiveCfg = Release|Win32
		{B6BFDEF9-71EA-4884-A11C-B3FB7EDB9EEF}.Release|x86.Build.0 = Release|Win32
		{9D1AA078-3923-4A07-82CF-30F1678E6C61}.Debug|x64.ActiveCfg = Debug|x64
		{9D1AA078-3923-4A07-82CF-30F1678E6C61}.Debug|x64.Build.0 = Debug|x64
		{9D1AA078-3923-4A07-82CF-30F1678E6C61}.Debug|x86.ActiveCfg = Debug|Win32
		{9D1AA078-3923-4A07-82CF-30F1678E6C61}.Debug|x86.Build.0 = Debug|Win32
		{9D1AA078-3923-4A07-82CF-30F1678E6C61}.Release|x64.ActiveCfg = Release|x64
		{9D1AA078-3923-4A07-82CF-30F1678E6C61}.Release|x64.Build.0 = Release|x64
		{9D1AA078-3923-4A07-82CF-30F1678E6C61}.Release|x86.ActiveCfg = Release|Win32
		{9D1AA078-3923-4A07-82CF-30F1678E6C61}.Release|x86.Build.0 = Release|Win32
		{757C08B5-6E17-4527-B7A1-88200567592D}.Debug|x64.ActiveCfg = Debug|x64
		{757C08B5-6E17-4527-B7A1-88200567592D}.Debug|x64.Build.0 = Debug|x64
		{757C08B5-6E17-4527-B7A1-88200567592D}.Debug|x86.ActiveCfg = Debug|Win32
		{757C08B5-6E17-4527-B7A1-88200567592D}.Debug|x86.Build.0 = Debug|Win32
		{757C08B5-6E17-4527-B7A1-88200567592D}.Release|x64.ActiveCfg = Release|x64
		{757C08B5-6E17-4527-B7A1-88200567592D}.Release|x64.Build.0 = Release|x64
		{757C08B5-6E17-4527-B7A1-88200567592D}.Release|x86.ActiveCfg = Release|Win32
		{757C08B5-6E17-4527-B7A1-88200567592D}.Release|x86.Build.0 = Release|Win32
		{C48FAF48-75A0-446A-A386-739575B0C5B4}.Debug|x64.ActiveCfg = Debug|x64
		{C48FAF48-75A0-446A-A386-739575B0C5B4}.Debug|x64.Build.0 = Debug|x64
		{C48FAF48-75A0-446A-A386-739575B0C5B4}.Debug|x86.ActiveCfg = Debug|Win32
		{C48FAF48-75A0-446A-A386-739575B0C5B4}.Debug|x86.Build.0 = Debug|Win32
		{C48FAF48-75A0-446A-A386-739575B0C5B4}.Release|x64.ActiveCfg = Release|x64
		{C48FAF48-75A0-446A-A386-739575B0C5B4}.Release|x64.Build.0 = Release|x64
		{C48FAF48-75A0-446A-A386-739575B0C5B4}.Release|x86.ActiveCfg = Release|Win32
		{C48FAF48-75A0-446A-A386-739575B0C5B4}.Release|x86.Build.0 = Release|Win32
		{64C9C1F7-6B2B-4101-90DF-D8AF96FA03B0}.Debug|x64.ActiveCfg = Debug|x64
		{64C9C1F7-6B2B-4101-90DF-D8AF96FA03B0}.Debug|x64.Build.0 = Debug|x64
		{64C9C1F7-6B2B-4101-90DF-D8AF96FA03B0}.Debug|x86.ActiveCfg = Debug|Win32
		{64C9C1F7-6B2B-4101-90DF-D8AF96FA03B0}.Debug|x86.Build.0 = Debug|Win32
		{64C9C1F7-6B2B-4101-90DF-D8AF96FA03B0}.Release|x64.ActiveCfg = Release|x64
		{64C9C1F7-6B2B-4101-90DF-D8AF96FA03B0}.Release|x64.Build.0 = Release|x64
		{64C9C1F7-6B2B-4101-90DF-D8AF96FA03B0}.Release|x86.ActiveCfg = Release|Win32
		{64C9C1F7-6B2B-4101-90DF-D8AF96FA03B0}.Release|x86.Build.0 = Release|Win32
		{F913254C-DC4D-49A3-8560-CE8794F0CECE}.Debug|x64.ActiveCfg = Debug|x64
		{F913254C-DC4D-49A3-8560-CE8794F0CECE}.Debug|x64.Build.0 = Debug|x64
		{F913254C-DC4D-49A3-8560-CE8794F0CECE}.Debug|x86.ActiveCfg = Debug|Win32
		{F913254C-DC4D-49A3-8560-CE8794F0CECE}.Debug|x86.Build.0 = Debug|Win32
		{F913254C-DC4D-49A3-8560-CE8794F0CECE}.Release|x64.ActiveCfg = Release|x64
		{F913254C-DC4D-49A3-8560-CE8794F0CECE}.Release|x64.Build.0 = Release|x64
		{F913254C-DC4D-49A3-8560-CE8794F0CECE}.Release|x86.ActiveCfg = Release|Win32
		{F913254C-DC4D-49A3-8560-CE8794F0CECE}.Release|x86.Build.0 = Release|Win32
		{FE91DC99-330A-4797-9BEC-410805FE0FBB}.Debug|x64.ActiveCfg = Debug|x64
		{FE91DC99-330A-4797-9BEC-410805FE0FBB}.Debug|x64.Build.0 = Debug|x64
		{FE91DC99-330A-4797-9BEC-410805FE0FBB}.Debug|x86.ActiveCfg = Debug|Win32
		{FE91DC99-330A-4797-9BEC-410805FE0FBB}.Debug|x86.Build.0 = Debug|Win32
		{FE91DC99-330A-4797-9BEC-410805FE0FBB}.Release|x64.ActiveCfg = Release|x64
		{FE91DC99-330A-4797-9BEC-410805FE0FBB}.Release|x64.Build.0 = Release|x64
		{FE91DC99-330A-4797-9BEC-410805FE0FBB}.Release|x86.ActiveCfg = Release|Win32
		{FE91DC99-330A-4797-9BEC-410805FE0FBB}.Release|x86.Build.0 = Release|Win32
		{4FBDC6AB-DF2C-4016-B944-CA3304503D7C}.Debug|x64.ActiveCfg = Debug|x64
		{4FBDC6AB-DF2C-4016-B944-CA3304503D7C}.Debug|x64.Build.0 = Debug|x64
		{4FBDC6AB-DF2C-4016-B944-CA3304503D7C}.Debug|x86.ActiveCfg = Debug|Win32
		{4FBDC6AB-DF2C-4016-B944-CA3304503D7C}.Debug|x86.Build.0 = Debug|Win32
		{4FBDC6AB-DF2C-4016-B944-CA3304503D7C}.Release|x64.ActiveCfg = Release|x64
		{4FBDC6AB-DF2C-4016-B944-CA3304503D7C}.Release|x64.Build.0 = Release|x64
		{4FBDC6AB-DF2C-4016-B944-CA3304503D7C}.Release|x86.ActiveCfg = Release|Win32
		{4FBDC6AB-DF2C-4016-B944-CA3304503D7C}.Release|x86.Build.0 = Release|Win32
	EndGlobalSection
	GlobalSection(SolutionProperties) = preSolution
		HideSolutionNode = FALSE
	EndGlobalSection
	GlobalSection(ExtensibilityGlobals) = postSolution
		SolutionGuid = {6223A1D1-BA11-4C57-9D53-63826B77527D}
	EndGlobalSection
EndGlobal
